PODS:
  - AlertController (0.0.3)

DEPENDENCIES:
  - AlertController (from `https://github.com/mezhevikin/AlertController.git`)

EXTERNAL SOURCES:
  AlertController:
    :git: https://github.com/mezhevikin/AlertController.git

CHECKOUT OPTIONS:
  AlertController:
    :commit: aa6745b8bfa6de2ae7783e39148baf20df9c76b1
    :git: https://github.com/mezhevikin/AlertController.git

SPEC CHECKSUMS:
  AlertController: 5e2d88454c2da8aef3c8501198eb7823344ce9dd

PODFILE CHECKSUM: 9091e10dde18250505211bf01bf690aa60e48c11

COCOAPODS: 1.14.3
